
Microsoft Visual Studio Solution File, Format Version 12.00
# Visual Studio Version 17
VisualStudioVersion = 17.11.35327.3
MinimumVisualStudioVersion = 10.0.40219.1
Project("{F184B08F-C81C-45F6-A57F-5ABD9991F28F}") = "projectMongoDBDisplayDataGrid", "projectMongoDBDisplayDataGrid\projectMongoDBDisplayDataGrid.vbproj", "{2037B7FE-CA85-4E89-A3BB-666CFA21E9E3}"
EndProject
Global
	GlobalSection(SolutionConfigurationPlatforms) = preSolution
		Debug|Any CPU = Debug|Any CPU
		Release|Any CPU = Release|Any CPU
	EndGlobalSection
	GlobalSection(ProjectConfigurationPlatforms) = postSolution
		{2037B7FE-CA85-4E89-A3BB-666CFA21E9E3}.Debug|Any CPU.ActiveCfg = Debug|Any CPU
		{2037B7FE-CA85-4E89-A3BB-666CFA21E9E3}.Debug|Any CPU.Build.0 = Debug|Any CPU
		{2037B7FE-CA85-4E89-A3BB-666CFA21E9E3}.Release|Any CPU.ActiveCfg = Release|Any CPU
		{2037B7FE-CA85-4E89-A3BB-666CFA21E9E3}.Release|Any CPU.Build.0 = Release|Any CPU
	EndGlobalSection
	GlobalSection(SolutionProperties) = preSolution
		HideSolutionNode = FALSE
	EndGlobalSection
	GlobalSection(ExtensibilityGlobals) = postSolution
		SolutionGuid = {978BF3D6-0F1D-4E87-8CC1-0CB6D7BDAF0B}
	EndGlobalSection
EndGlobal
